
Microsoft Visual Studio Solution File, Format Version 12.00
# Visual Studio Version 17
VisualStudioVersion = 17.8.34525.116
MinimumVisualStudioVersion = 10.0.40219.1
Project("{FAE04EC0-301F-11D3-BF4B-00C04F79EFBC}") = "JumpKingInstAchievements", "JumpKingInstAchievements\JumpKingInstAchievements.csproj", "{1E1F4010-B793-4B1F-9E84-DCFBF2F17F5C}"
EndProject
Project("{FAE04EC0-301F-11D3-BF4B-00C04F79EFBC}") = "JumpKingLastJumpValue", "JumpKingLastJumpValue\JumpKingLastJumpValue.csproj", "{207F5DB1-EBB6-4C87-B427-EDA4560C5E3A}"
EndProject
Project("{FAE04EC0-301F-11D3-BF4B-00C04F79EFBC}") = "JumpKingPlayerCoordinates", "JumpKingPlayerCoordinates\JumpKingPlayerCoordinates.csproj", "{DA198657-34DB-465A-954C-70DF0B857309}"
EndProject
Project("{FAE04EC0-301F-11D3-BF4B-00C04F79EFBC}") = "JumpKingSaveStates", "JumpKingSaveStates\JumpKingSaveStates.csproj", "{015FE02F-B1B3-4167-9502-D9797E4B8E14}"
EndProject
Project("{FAE04EC0-301F-11D3-BF4B-00C04F79EFBC}") = "JumpKingLevelPercentage", "JumpKingLevelPercentage\JumpKingLevelPercentage.csproj", "{68D7E009-C815-4EA6-901B-D02CE9FD1CC1}"
EndProject
Project("{FAE04EC0-301F-11D3-BF4B-00C04F79EFBC}") = "JumpKingManager", "JumpKingManager\JumpKingManager.csproj", "{896E5435-5E98-40D3-9D7D-F0873AE4D509}"
EndProject
Project("{FAE04EC0-301F-11D3-BF4B-00C04F79EFBC}") = "JumpKingTAS", "JumpKingTAS\JumpKingTAS.csproj", "{2E1F3FB4-83DD-47DC-ADA0-A00C6445E41A}"
EndProject
Project("{FAE04EC0-301F-11D3-BF4B-00C04F79EFBC}") = "UtilGameLoopOrganizer", "UtilGameLoopOrganizer\GameLoopPlus.csproj", "{3FEF81C8-2734-4949-B16F-7B16DB7D6E2A}"
EndProject
Project("{FAE04EC0-301F-11D3-BF4B-00C04F79EFBC}") = "JumpKingHitboxResizer", "JumpKingHitboxResizer\JumpKingHitboxResizer.csproj", "{301B640B-E524-4B75-BF9C-E3898CC05CD3}"
EndProject
Project("{FAE04EC0-301F-11D3-BF4B-00C04F79EFBC}") = "JumpKingMultiplayer", "JumpKingMultiplayer\JumpKingMultiplayer.csproj", "{B26F861B-BDFC-44D4-BCF6-D8C517A3C99D}"
EndProject
Project("{FAE04EC0-301F-11D3-BF4B-00C04F79EFBC}") = "DependencyDealer", "DependencyDealer\DependencyDealer.csproj", "{19833A9A-9C7B-46E0-8646-4B92BB9230EC}"
EndProject
Project("{FAE04EC0-301F-11D3-BF4B-00C04F79EFBC}") = "DependencyDealerTest", "DependencyDealerTest\DependencyDealerTest.csproj", "{F16DE304-FDAF-45CE-8C4E-E69C63AAFD95}"
EndProject
Project("{2150E333-8FDC-42A3-9474-1A3956D46DE8}") = "Development", "Development", "{46E3E9E2-6E89-4860-8029-88B1598ADA7A}"
EndProject
Project("{2150E333-8FDC-42A3-9474-1A3956D46DE8}") = "Utils", "Utils", "{70127BB9-9F4C-4E38-84D3-D5265476CC9B}"
EndProject
Project("{2150E333-8FDC-42A3-9474-1A3956D46DE8}") = "Mods", "Mods", "{3BB866CD-EC8D-475C-B3BF-6E3887F367E6}"
EndProject
Project("{2150E333-8FDC-42A3-9474-1A3956D46DE8}") = "JumpKingPlus", "JumpKingPlus", "{5DE3EAA9-226C-4801-9E53-03175C4B89DF}"
EndProject
Project("{2150E333-8FDC-42A3-9474-1A3956D46DE8}") = "Outside", "Outside", "{A62808B4-7205-4845-89E5-79D9DB64EE07}"
EndProject
Project("{FAE04EC0-301F-11D3-BF4B-00C04F79EFBC}") = "UtilCustomRenderTarget", "UtilCustomRenderTarget\UtilCustomRenderTarget.csproj", "{F5E1630A-2397-42AD-8F0C-E5972B035ED0}"
EndProject
Project("{FAE04EC0-301F-11D3-BF4B-00C04F79EFBC}") = "JumpKingPlus", "JumpKingPlus\JumpKingPlus.csproj", "{8536D14B-84F6-4F83-ADB7-0C7820C80D44}"
EndProject
Project("{FAE04EC0-301F-11D3-BF4B-00C04F79EFBC}") = "JumpKingDiscordRPC", "JumpKingDiscordRPC\JumpKingDiscordRPC.csproj", "{6230DB56-0CFD-473D-839C-3E1B8632A306}"
EndProject
Project("{FAE04EC0-301F-11D3-BF4B-00C04F79EFBC}") = "JumpKingJumpArch", "JumpKingJumpArch\JumpKingJumpArch.csproj", "{CAC67001-63BB-41EA-8B2C-03265B0C2B59}"
EndProject
Project("{FAE04EC0-301F-11D3-BF4B-00C04F79EFBC}") = "JumpKingAdditionalAnimations", "JumpKingAdditionalAnimations\JumpKingAdditionalAnimations.csproj", "{2A664D74-DE55-4F1C-A57A-56FDA5D7E362}"
EndProject
Global
	GlobalSection(SolutionConfigurationPlatforms) = preSolution
		Debug|Any CPU = Debug|Any CPU
		Release|Any CPU = Release|Any CPU
	EndGlobalSection
	GlobalSection(ProjectConfigurationPlatforms) = postSolution
		{1E1F4010-B793-4B1F-9E84-DCFBF2F17F5C}.Debug|Any CPU.ActiveCfg = Debug|Any CPU
		{1E1F4010-B793-4B1F-9E84-DCFBF2F17F5C}.Debug|Any CPU.Build.0 = Debug|Any CPU
		{1E1F4010-B793-4B1F-9E84-DCFBF2F17F5C}.Release|Any CPU.ActiveCfg = Release|Any CPU
		{1E1F4010-B793-4B1F-9E84-DCFBF2F17F5C}.Release|Any CPU.Build.0 = Release|Any CPU
		{207F5DB1-EBB6-4C87-B427-EDA4560C5E3A}.Debug|Any CPU.ActiveCfg = Debug|Any CPU
		{207F5DB1-EBB6-4C87-B427-EDA4560C5E3A}.Debug|Any CPU.Build.0 = Debug|Any CPU
		{207F5DB1-EBB6-4C87-B427-EDA4560C5E3A}.Release|Any CPU.ActiveCfg = Release|Any CPU
		{207F5DB1-EBB6-4C87-B427-EDA4560C5E3A}.Release|Any CPU.Build.0 = Release|Any CPU
		{DA198657-34DB-465A-954C-70DF0B857309}.Debug|Any CPU.ActiveCfg = Debug|Any CPU
		{DA198657-34DB-465A-954C-70DF0B857309}.Debug|Any CPU.Build.0 = Debug|Any CPU
		{DA198657-34DB-465A-954C-70DF0B857309}.Release|Any CPU.ActiveCfg = Release|Any CPU
		{DA198657-34DB-465A-954C-70DF0B857309}.Release|Any CPU.Build.0 = Release|Any CPU
		{015FE02F-B1B3-4167-9502-D9797E4B8E14}.Debug|Any CPU.ActiveCfg = Debug|Any CPU
		{015FE02F-B1B3-4167-9502-D9797E4B8E14}.Debug|Any CPU.Build.0 = Debug|Any CPU
		{015FE02F-B1B3-4167-9502-D9797E4B8E14}.Release|Any CPU.ActiveCfg = Release|Any CPU
		{015FE02F-B1B3-4167-9502-D9797E4B8E14}.Release|Any CPU.Build.0 = Release|Any CPU
		{68D7E009-C815-4EA6-901B-D02CE9FD1CC1}.Debug|Any CPU.ActiveCfg = Debug|Any CPU
		{68D7E009-C815-4EA6-901B-D02CE9FD1CC1}.Debug|Any CPU.Build.0 = Debug|Any CPU
		{68D7E009-C815-4EA6-901B-D02CE9FD1CC1}.Release|Any CPU.ActiveCfg = Release|Any CPU
		{68D7E009-C815-4EA6-901B-D02CE9FD1CC1}.Release|Any CPU.Build.0 = Release|Any CPU
		{896E5435-5E98-40D3-9D7D-F0873AE4D509}.Debug|Any CPU.ActiveCfg = Debug|Any CPU
		{896E5435-5E98-40D3-9D7D-F0873AE4D509}.Debug|Any CPU.Build.0 = Debug|Any CPU
		{896E5435-5E98-40D3-9D7D-F0873AE4D509}.Release|Any CPU.ActiveCfg = Release|Any CPU
		{896E5435-5E98-40D3-9D7D-F0873AE4D509}.Release|Any CPU.Build.0 = Release|Any CPU
		{2E1F3FB4-83DD-47DC-ADA0-A00C6445E41A}.Debug|Any CPU.ActiveCfg = Debug|Any CPU
		{2E1F3FB4-83DD-47DC-ADA0-A00C6445E41A}.Debug|Any CPU.Build.0 = Debug|Any CPU
		{2E1F3FB4-83DD-47DC-ADA0-A00C6445E41A}.Release|Any CPU.ActiveCfg = Release|Any CPU
		{2E1F3FB4-83DD-47DC-ADA0-A00C6445E41A}.Release|Any CPU.Build.0 = Release|Any CPU
		{3FEF81C8-2734-4949-B16F-7B16DB7D6E2A}.Debug|Any CPU.ActiveCfg = Debug|Any CPU
		{3FEF81C8-2734-4949-B16F-7B16DB7D6E2A}.Debug|Any CPU.Build.0 = Debug|Any CPU
		{3FEF81C8-2734-4949-B16F-7B16DB7D6E2A}.Release|Any CPU.ActiveCfg = Release|Any CPU
		{3FEF81C8-2734-4949-B16F-7B16DB7D6E2A}.Release|Any CPU.Build.0 = Release|Any CPU
		{301B640B-E524-4B75-BF9C-E3898CC05CD3}.Debug|Any CPU.ActiveCfg = Debug|Any CPU
		{301B640B-E524-4B75-BF9C-E3898CC05CD3}.Debug|Any CPU.Build.0 = Debug|Any CPU
		{301B640B-E524-4B75-BF9C-E3898CC05CD3}.Release|Any CPU.ActiveCfg = Release|Any CPU
		{301B640B-E524-4B75-BF9C-E3898CC05CD3}.Release|Any CPU.Build.0 = Release|Any CPU
		{B26F861B-BDFC-44D4-BCF6-D8C517A3C99D}.Debug|Any CPU.ActiveCfg = Debug|Any CPU
		{B26F861B-BDFC-44D4-BCF6-D8C517A3C99D}.Debug|Any CPU.Build.0 = Debug|Any CPU
		{B26F861B-BDFC-44D4-BCF6-D8C517A3C99D}.Release|Any CPU.ActiveCfg = Release|Any CPU
		{B26F861B-BDFC-44D4-BCF6-D8C517A3C99D}.Release|Any CPU.Build.0 = Release|Any CPU
		{19833A9A-9C7B-46E0-8646-4B92BB9230EC}.Debug|Any CPU.ActiveCfg = Debug|Any CPU
		{19833A9A-9C7B-46E0-8646-4B92BB9230EC}.Debug|Any CPU.Build.0 = Debug|Any CPU
		{19833A9A-9C7B-46E0-8646-4B92BB9230EC}.Release|Any CPU.ActiveCfg = Release|Any CPU
		{19833A9A-9C7B-46E0-8646-4B92BB9230EC}.Release|Any CPU.Build.0 = Release|Any CPU
		{F16DE304-FDAF-45CE-8C4E-E69C63AAFD95}.Debug|Any CPU.ActiveCfg = Debug|Any CPU
		{F16DE304-FDAF-45CE-8C4E-E69C63AAFD95}.Debug|Any CPU.Build.0 = Debug|Any CPU
		{F16DE304-FDAF-45CE-8C4E-E69C63AAFD95}.Release|Any CPU.ActiveCfg = Release|Any CPU
		{F16DE304-FDAF-45CE-8C4E-E69C63AAFD95}.Release|Any CPU.Build.0 = Release|Any CPU
		{F5E1630A-2397-42AD-8F0C-E5972B035ED0}.Debug|Any CPU.ActiveCfg = Debug|Any CPU
		{F5E1630A-2397-42AD-8F0C-E5972B035ED0}.Debug|Any CPU.Build.0 = Debug|Any CPU
		{F5E1630A-2397-42AD-8F0C-E5972B035ED0}.Release|Any CPU.ActiveCfg = Release|Any CPU
		{F5E1630A-2397-42AD-8F0C-E5972B035ED0}.Release|Any CPU.Build.0 = Release|Any CPU
		{8536D14B-84F6-4F83-ADB7-0C7820C80D44}.Debug|Any CPU.ActiveCfg = Debug|Any CPU
		{8536D14B-84F6-4F83-ADB7-0C7820C80D44}.Debug|Any CPU.Build.0 = Debug|Any CPU
		{8536D14B-84F6-4F83-ADB7-0C7820C80D44}.Release|Any CPU.ActiveCfg = Release|Any CPU
		{8536D14B-84F6-4F83-ADB7-0C7820C80D44}.Release|Any CPU.Build.0 = Release|Any CPU
		{6230DB56-0CFD-473D-839C-3E1B8632A306}.Debug|Any CPU.ActiveCfg = Debug|Any CPU
		{6230DB56-0CFD-473D-839C-3E1B8632A306}.Debug|Any CPU.Build.0 = Debug|Any CPU
		{6230DB56-0CFD-473D-839C-3E1B8632A306}.Release|Any CPU.ActiveCfg = Release|Any CPU
		{6230DB56-0CFD-473D-839C-3E1B8632A306}.Release|Any CPU.Build.0 = Release|Any CPU
		{CAC67001-63BB-41EA-8B2C-03265B0C2B59}.Debug|Any CPU.ActiveCfg = Debug|Any CPU
		{CAC67001-63BB-41EA-8B2C-03265B0C2B59}.Debug|Any CPU.Build.0 = Debug|Any CPU
		{CAC67001-63BB-41EA-8B2C-03265B0C2B59}.Release|Any CPU.ActiveCfg = Release|Any CPU
		{CAC67001-63BB-41EA-8B2C-03265B0C2B59}.Release|Any CPU.Build.0 = Release|Any CPU
		{2A664D74-DE55-4F1C-A57A-56FDA5D7E362}.Debug|Any CPU.ActiveCfg = Debug|Any CPU
		{2A664D74-DE55-4F1C-A57A-56FDA5D7E362}.Debug|Any CPU.Build.0 = Debug|Any CPU
		{2A664D74-DE55-4F1C-A57A-56FDA5D7E362}.Release|Any CPU.ActiveCfg = Release|Any CPU
		{2A664D74-DE55-4F1C-A57A-56FDA5D7E362}.Release|Any CPU.Build.0 = Release|Any CPU
	EndGlobalSection
	GlobalSection(SolutionProperties) = preSolution
		HideSolutionNode = FALSE
	EndGlobalSection
	GlobalSection(NestedProjects) = preSolution
		{1E1F4010-B793-4B1F-9E84-DCFBF2F17F5C} = {5DE3EAA9-226C-4801-9E53-03175C4B89DF}
		{207F5DB1-EBB6-4C87-B427-EDA4560C5E3A} = {5DE3EAA9-226C-4801-9E53-03175C4B89DF}
		{DA198657-34DB-465A-954C-70DF0B857309} = {5DE3EAA9-226C-4801-9E53-03175C4B89DF}
		{015FE02F-B1B3-4167-9502-D9797E4B8E14} = {5DE3EAA9-226C-4801-9E53-03175C4B89DF}
		{68D7E009-C815-4EA6-901B-D02CE9FD1CC1} = {5DE3EAA9-226C-4801-9E53-03175C4B89DF}
		{896E5435-5E98-40D3-9D7D-F0873AE4D509} = {A62808B4-7205-4845-89E5-79D9DB64EE07}
		{2E1F3FB4-83DD-47DC-ADA0-A00C6445E41A} = {A62808B4-7205-4845-89E5-79D9DB64EE07}
		{3FEF81C8-2734-4949-B16F-7B16DB7D6E2A} = {70127BB9-9F4C-4E38-84D3-D5265476CC9B}
		{301B640B-E524-4B75-BF9C-E3898CC05CD3} = {3BB866CD-EC8D-475C-B3BF-6E3887F367E6}
		{B26F861B-BDFC-44D4-BCF6-D8C517A3C99D} = {5DE3EAA9-226C-4801-9E53-03175C4B89DF}
		{19833A9A-9C7B-46E0-8646-4B92BB9230EC} = {46E3E9E2-6E89-4860-8029-88B1598ADA7A}
		{F16DE304-FDAF-45CE-8C4E-E69C63AAFD95} = {46E3E9E2-6E89-4860-8029-88B1598ADA7A}
		{5DE3EAA9-226C-4801-9E53-03175C4B89DF} = {3BB866CD-EC8D-475C-B3BF-6E3887F367E6}
		{A62808B4-7205-4845-89E5-79D9DB64EE07} = {3BB866CD-EC8D-475C-B3BF-6E3887F367E6}
		{F5E1630A-2397-42AD-8F0C-E5972B035ED0} = {70127BB9-9F4C-4E38-84D3-D5265476CC9B}
		{8536D14B-84F6-4F83-ADB7-0C7820C80D44} = {5DE3EAA9-226C-4801-9E53-03175C4B89DF}
		{6230DB56-0CFD-473D-839C-3E1B8632A306} = {5DE3EAA9-226C-4801-9E53-03175C4B89DF}
		{CAC67001-63BB-41EA-8B2C-03265B0C2B59} = {3BB866CD-EC8D-475C-B3BF-6E3887F367E6}
		{2A664D74-DE55-4F1C-A57A-56FDA5D7E362} = {3BB866CD-EC8D-475C-B3BF-6E3887F367E6}
	EndGlobalSection
	GlobalSection(ExtensibilityGlobals) = postSolution
		SolutionGuid = {7F8E69AE-9E99-46A7-9A7D-944B54419A82}
	EndGlobalSection
EndGlobal
